// !$*UTF8*$!
{
	archiveVersion = 1;
	classes = {
	};
	objectVersion = 56;
	objects = {

/* Begin PBXBuildFile section */
		14BD05762939CF4400EEAE85 /* AppDelegate.swift in Sources */ = {isa = PBXBuildFile; fileRef = 14BD05752939CF4400EEAE85 /* AppDelegate.swift */; };
		14BD05782939CF4400EEAE85 /* SceneDelegate.swift in Sources */ = {isa = PBXBuildFile; fileRef = 14BD05772939CF4400EEAE85 /* SceneDelegate.swift */; };
		14BD057A2939CF4400EEAE85 /* SearchStudentVC.swift in Sources */ = {isa = PBXBuildFile; fileRef = 14BD05792939CF4400EEAE85 /* SearchStudentVC.swift */; };
		14BD057D2939CF4400EEAE85 /* Main.storyboard in Resources */ = {isa = PBXBuildFile; fileRef = 14BD057B2939CF4400EEAE85 /* Main.storyboard */; };
		14BD057F2939CF4600EEAE85 /* Assets.xcassets in Resources */ = {isa = PBXBuildFile; fileRef = 14BD057E2939CF4600EEAE85 /* Assets.xcassets */; };
		14BD05822939CF4600EEAE85 /* LaunchScreen.storyboard in Resources */ = {isa = PBXBuildFile; fileRef = 14BD05802939CF4600EEAE85 /* LaunchScreen.storyboard */; };
		14BD058D2939D15C00EEAE85 /* Student.swift in Sources */ = {isa = PBXBuildFile; fileRef = 14BD058C2939D15C00EEAE85 /* Student.swift */; };
		14BD058F2939D93F00EEAE85 /* StudentDetailsView.swift in Sources */ = {isa = PBXBuildFile; fileRef = 14BD058E2939D93F00EEAE85 /* StudentDetailsView.swift */; };
/* End PBXBuildFile section */

/* Begin PBXFileReference section */
		14BD05722939CF4400EEAE85 /* HostelAllocation.app */ = {isa = PBXFileReference; explicitFileType = wrapper.application; includeInIndex = 0; path = HostelAllocation.app; sourceTree = BUILT_PRODUCTS_DIR; };
		14BD05752939CF4400EEAE85 /* AppDelegate.swift */ = {isa = PBXFileReference; lastKnownFileType = sourcecode.swift; path = AppDelegate.swift; sourceTree = "<group>"; };
		14BD05772939CF4400EEAE85 /* SceneDelegate.swift */ = {isa = PBXFileReference; lastKnownFileType = sourcecode.swift; path = SceneDelegate.swift; sourceTree = "<group>"; };
		14BD05792939CF4400EEAE85 /* SearchStudentVC.swift */ = {isa = PBXFileReference; lastKnownFileType = sourcecode.swift; path = SearchStudentVC.swift; sourceTree = "<group>"; };
		14BD057C2939CF4400EEAE85 /* Base */ = {isa = PBXFileReference; lastKnownFileType = file.storyboard; name = Base; path = Base.lproj/Main.storyboard; sourceTree = "<group>"; };
		14BD057E2939CF4600EEAE85 /* Assets.xcassets */ = {isa = PBXFileReference; lastKnownFileType = folder.assetcatalog; path = Assets.xcassets; sourceTree = "<group>"; };
		14BD05812939CF4600EEAE85 /* Base */ = {isa = PBXFileReference; lastKnownFileType = file.storyboard; name = Base; path = Base.lproj/LaunchScreen.storyboard; sourceTree = "<group>"; };
		14BD05832939CF4600EEAE85 /* Info.plist */ = {isa = PBXFileReference; lastKnownFileType = text.plist.xml; path = Info.plist; sourceTree = "<group>"; };
		14BD058C2939D15C00EEAE85 /* Student.swift */ = {isa = PBXFileReference; lastKnownFileType = sourcecode.swift; path = Student.swift; sourceTree = "<group>"; };
		14BD058E2939D93F00EEAE85 /* StudentDetailsView.swift */ = {isa = PBXFileReference; lastKnownFileType = sourcecode.swift; path = StudentDetailsView.swift; sourceTree = "<group>"; };
/* End PBXFileReference section */

/* Begin PBXFrameworksBuildPhase section */
		14BD056F2939CF4400EEAE85 /* Frameworks */ = {
			isa = PBXFrameworksBuildPhase;
			buildActionMask = 2147483647;
			files = (
			);
			runOnlyForDeploymentPostprocessing = 0;
		};
/* End PBXFrameworksBuildPhase section */

/* Begin PBXGroup section */
		14BD05692939CF4400EEAE85 = {
			isa = PBXGroup;
			children = (
				14BD05742939CF4400EEAE85 /* HostelAllocation */,
				14BD05732939CF4400EEAE85 /* Products */,
			);
			sourceTree = "<group>";
		};
		14BD05732939CF4400EEAE85 /* Products */ = {
			isa = PBXGroup;
			children = (
				14BD05722939CF4400EEAE85 /* HostelAllocation.app */,
			);
			name = Products;
			sourceTree = "<group>";
		};
		14BD05742939CF4400EEAE85 /* HostelAllocation */ = {
			isa = PBXGroup;
			children = (
				14BD05892939D11F00EEAE85 /* Model */,
				14BD058A2939D12500EEAE85 /* View */,
				14BD058B2939D12F00EEAE85 /* Controller */,
				14BD05752939CF4400EEAE85 /* AppDelegate.swift */,
				14BD05772939CF4400EEAE85 /* SceneDelegate.swift */,
				14BD057B2939CF4400EEAE85 /* Main.storyboard */,
				14BD057E2939CF4600EEAE85 /* Assets.xcassets */,
				14BD05802939CF4600EEAE85 /* LaunchScreen.storyboard */,
				14BD05832939CF4600EEAE85 /* Info.plist */,
			);
			path = HostelAllocation;
			sourceTree = "<group>";
		};
		14BD05892939D11F00EEAE85 /* Model */ = {
			isa = PBXGroup;
			children = (
				14BD058C2939D15C00EEAE85 /* Student.swift */,
			);
			path = Model;
			sourceTree = "<group>";
		};
		14BD058A2939D12500EEAE85 /* View */ = {
			isa = PBXGroup;
			children = (
				14BD058E2939D93F00EEAE85 /* StudentDetailsView.swift */,
			);
			path = View;
			sourceTree = "<group>";
		};
		14BD058B2939D12F00EEAE85 /* Controller */ = {
			isa = PBXGroup;
			children = (
				14BD05792939CF4400EEAE85 /* SearchStudentVC.swift */,
			);
			path = Controller;
			sourceTree = "<group>";
		};
/* End PBXGroup section */

/* Begin PBXNativeTarget section */
		14BD05712939CF4400EEAE85 /* HostelAllocation */ = {
			isa = PBXNativeTarget;
			buildConfigurationList = 14BD05862939CF4600EEAE85 /* Build configuration list for PBXNativeTarget "HostelAllocation" */;
			buildPhases = (
				14BD056E2939CF4400EEAE85 /* Sources */,
				14BD056F2939CF4400EEAE85 /* Frameworks */,
				14BD05702939CF4400EEAE85 /* Resources */,
			);
			buildRules = (
			);
			dependencies = (
			);
			name = HostelAllocation;
			productName = HostelAllocation;
			productReference = 14BD05722939CF4400EEAE85 /* HostelAllocation.app */;
			productType = "com.apple.product-type.application";
		};
/* End PBXNativeTarget section */

/* Begin PBXProject section */
		14BD056A2939CF4400EEAE85 /* Project object */ = {
			isa = PBXProject;
			attributes = {
				BuildIndependentTargetsInParallel = 1;
				LastSwiftUpdateCheck = 1400;
				LastUpgradeCheck = 1400;
				TargetAttributes = {
					14BD05712939CF4400EEAE85 = {
						CreatedOnToolsVersion = 14.0.1;
					};
				};
			};
			buildConfigurationList = 14BD056D2939CF4400EEAE85 /* Build configuration list for PBXProject "HostelAllocation" */;
			compatibilityVersion = "Xcode 14.0";
			developmentRegion = en;
			hasScannedForEncodings = 0;
			knownRegions = (
				en,
				Base,
			);
			mainGroup = 14BD05692939CF4400EEAE85;
			productRefGroup = 14BD05732939CF4400EEAE85 /* Products */;
			projectDirPath = "";
			projectRoot = "";
			targets = (
				14BD05712939CF4400EEAE85 /* HostelAllocation */,
			);
		};
/* End PBXProject section */

/* Begin PBXResourcesBuildPhase section */
		14BD05702939CF4400EEAE85 /* Resources */ = {
			isa = PBXResourcesBuildPhase;
			buildActionMask = 2147483647;
			files = (
				14BD05822939CF4600EEAE85 /* LaunchScreen.storyboard in Resources */,
				14BD057F2939CF4600EEAE85 /* Assets.xcassets in Resources */,
				14BD057D2939CF4400EEAE85 /* Main.storyboard in Resources */,
			);
			runOnlyForDeploymentPostprocessing = 0;
		};
/* End PBXResourcesBuildPhase section */

/* Begin PBXSourcesBuildPhase section */
		14BD056E2939CF4400EEAE85 /* Sources */ = {
			isa = PBXSourcesBuildPhase;
			buildActionMask = 2147483647;
			files = (
				14BD057A2939CF4400EEAE85 /* SearchStudentVC.swift in Sources */,
				14BD058F2939D93F00EEAE85 /* StudentDetailsView.swift in Sources */,
				14BD05762939CF4400EEAE85 /* AppDelegate.swift in Sources */,
				14BD05782939CF4400EEAE85 /* SceneDelegate.swift in Sources */,
				14BD058D2939D15C00EEAE85 /* Student.swift in Sources */,
			);
			runOnlyForDeploymentPostprocessing = 0;
		};
/* End PBXSourcesBuildPhase section */

/* Begin PBXVariantGroup section */
		14BD057B2939CF4400EEAE85 /* Main.storyboard */ = {
			isa = PBXVariantGroup;
			children = (
				14BD057C2939CF4400EEAE85 /* Base */,
			);
			name = Main.storyboard;
			sourceTree = "<group>";
		};
		14BD05802939CF4600EEAE85 /* LaunchScreen.storyboard */ = {
			isa = PBXVariantGroup;
			children = (
				14BD05812939CF4600EEAE85 /* Base */,
			);
			name = LaunchScreen.storyboard;
			sourceTree = "<group>";
		};
/* End PBXVariantGroup section */

/* Begin XCBuildConfiguration section */
		14BD05842939CF4600EEAE85 /* Debug */ = {
			isa = XCBuildConfiguration;
			buildSettings = {
				ALWAYS_SEARCH_USER_PATHS = NO;
				CLANG_ANALYZER_NONNULL = YES;
				CLANG_ANALYZER_NUMBER_OBJECT_CONVERSION = YES_AGGRESSIVE;
				CLANG_CXX_LANGUAGE_STANDARD = "gnu++20";
				CLANG_ENABLE_MODULES = YES;
				CLANG_ENABLE_OBJC_ARC = YES;
				CLANG_ENABLE_OBJC_WEAK = YES;
				CLANG_WARN_BLOCK_CAPTURE_AUTORELEASING = YES;
				CLANG_WARN_BOOL_CONVERSION = YES;
				CLANG_WARN_COMMA = YES;
				CLANG_WARN_CONSTANT_CONVERSION = YES;
				CLANG_WARN_DEPRECATED_OBJC_IMPLEMENTATIONS = YES;
				CLANG_WARN_DIRECT_OBJC_ISA_USAGE = YES_ERROR;
				CLANG_WARN_DOCUMENTATION_COMMENTS = YES;
				CLANG_WARN_EMPTY_BODY = YES;
				CLANG_WARN_ENUM_CONVERSION = YES;
				CLANG_WARN_INFINITE_RECURSION = YES;
				CLANG_WARN_INT_CONVERSION = YES;
				CLANG_WARN_NON_LITERAL_NULL_CONVERSION = YES;
				CLANG_WARN_OBJC_IMPLICIT_RETAIN_SELF = YES;
				CLANG_WARN_OBJC_LITERAL_CONVERSION = YES;
				CLANG_WARN_OBJC_ROOT_CLASS = YES_ERROR;
				CLANG_WARN_QUOTED_INCLUDE_IN_FRAMEWORK_HEADER = YES;
				CLANG_WARN_RANGE_LOOP_ANALYSIS = YES;
				CLANG_WARN_STRICT_PROTOTYPES = YES;
				CLANG_WARN_SUSPICIOUS_MOVE = YES;
				CLANG_WARN_UNGUARDED_AVAILABILITY = YES_AGGRESSIVE;
				CLANG_WARN_UNREACHABLE_CODE = YES;
				CLANG_WARN__DUPLICATE_METHOD_MATCH = YES;
				COPY_PHASE_STRIP = NO;
				DEBUG_INFORMATION_FORMAT = dwarf;
				ENABLE_STRICT_OBJC_MSGSEND = YES;
				ENABLE_TESTABILITY = YES;
				GCC_C_LANGUAGE_STANDARD = gnu11;
				GCC_DYNAMIC_NO_PIC = NO;
				GCC_NO_COMMON_BLOCKS = YES;
				GCC_OPTIMIZATION_LEVEL = 0;
				GCC_PREPROCESSOR_DEFINITIONS = (
					"DEBUG=1",
					"$(inherited)",
				);
				GCC_WARN_64_TO_32_BIT_CONVERSION = YES;
				GCC_WARN_ABOUT_RETURN_TYPE = YES_ERROR;
				GCC_WARN_UNDECLARED_SELECTOR = YES;
				GCC_WARN_UNINITIALIZED_AUTOS = YES_AGGRESSIVE;
				GCC_WARN_UNUSED_FUNCTION = YES;
				GCC_WARN_UNUSED_VARIABLE = YES;
				IPHONEOS_DEPLOYMENT_TARGET = 16.0;
				MTL_ENABLE_DEBUG_INFO = INCLUDE_SOURCE;
				MTL_FAST_MATH = YES;
				ONLY_ACTIVE_ARCH = YES;
				SDKROOT = iphoneos;
				SWIFT_ACTIVE_COMPILATION_CONDITIONS = DEBUG;
				SWIFT_OPTIMIZATION_LEVEL = "-Onone";
			};
			name = Debug;
		};
		14BD05852939CF4600EEAE85 /* Release */ = {
			isa = XCBuildConfiguration;
			buildSettings = {
				ALWAYS_SEARCH_USER_PATHS = NO;
				CLANG_ANALYZER_NONNULL = YES;
				CLANG_ANALYZER_NUMBER_OBJECT_CONVERSION = YES_AGGRESSIVE;
				CLANG_CXX_LANGUAGE_STANDARD = "gnu++20";
				CLANG_ENABLE_MODULES = YES;
				CLANG_ENABLE_OBJC_ARC = YES;
				CLANG_ENABLE_OBJC_WEAK = YES;
				CLANG_WARN_BLOCK_CAPTURE_AUTORELEASING = YES;
				CLANG_WARN_BOOL_CONVERSION = YES;
				CLANG_WARN_COMMA = YES;
				CLANG_WARN_CONSTANT_CONVERSION = YES;
				CLANG_WARN_DEPRECATED_OBJC_IMPLEMENTATIONS = YES;
				CLANG_WARN_DIRECT_OBJC_ISA_USAGE = YES_ERROR;
				CLANG_WARN_DOCUMENTATION_COMMENTS = YES;
				CLANG_WARN_EMPTY_BODY = YES;
				CLANG_WARN_ENUM_CONVERSION = YES;
				CLANG_WARN_INFINITE_RECURSION = YES;
				CLANG_WARN_INT_CONVERSION = YES;
				CLANG_WARN_NON_LITERAL_NULL_CONVERSION = YES;
				CLANG_WARN_OBJC_IMPLICIT_RETAIN_SELF = YES;
				CLANG_WARN_OBJC_LITERAL_CONVERSION = YES;
				CLANG_WARN_OBJC_ROOT_CLASS = YES_ERROR;
				CLANG_WARN_QUOTED_INCLUDE_IN_FRAMEWORK_HEADER = YES;
				CLANG_WARN_RANGE_LOOP_ANALYSIS = YES;
				CLANG_WARN_STRICT_PROTOTYPES = YES;
				CLANG_WARN_SUSPICIOUS_MOVE = YES;
				CLANG_WARN_UNGUARDED_AVAILABILITY = YES_AGGRESSIVE;
				CLANG_WARN_UNREACHABLE_CODE = YES;
				CLANG_WARN__DUPLICATE_METHOD_MATCH = YES;
				COPY_PHASE_STRIP = NO;
				DEBUG_INFORMATION_FORMAT = "dwarf-with-dsym";
				ENABLE_NS_ASSERTIONS = NO;
				ENABLE_STRICT_OBJC_MSGSEND = YES;
				GCC_C_LANGUAGE_STANDARD = gnu11;
				GCC_NO_COMMON_BLOCKS = YES;
				GCC_WARN_64_TO_32_BIT_CONVERSION = YES;
				GCC_WARN_ABOUT_RETURN_TYPE = YES_ERROR;
				GCC_WARN_UNDECLARED_SELECTOR = YES;
				GCC_WARN_UNINITIALIZED_AUTOS = YES_AGGRESSIVE;
				GCC_WARN_UNUSED_FUNCTION = YES;
				GCC_WARN_UNUSED_VARIABLE = YES;
				IPHONEOS_DEPLOYMENT_TARGET = 16.0;
				MTL_ENABLE_DEBUG_INFO = NO;
				MTL_FAST_MATH = YES;
				SDKROOT = iphoneos;
				SWIFT_COMPILATION_MODE = wholemodule;
				SWIFT_OPTIMIZATION_LEVEL = "-O";
				VALIDATE_PRODUCT = YES;
			};
			name = Release;
		};
		14BD05872939CF4600EEAE85 /* Debug */ = {
			isa = XCBuildConfiguration;
			buildSettings = {
				ASSETCATALOG_COMPILER_APPICON_NAME = AppIcon;
				ASSETCATALOG_COMPILER_GLOBAL_ACCENT_COLOR_NAME = AccentColor;
				CODE_SIGN_STYLE = Automatic;
				CURRENT_PROJECT_VERSION = 1;
				DEVELOPMENT_TEAM = 873GG57D8S;
				GENERATE_INFOPLIST_FILE = YES;
				INFOPLIST_FILE = HostelAllocation/Info.plist;
				INFOPLIST_KEY_UIApplicationSupportsIndirectInputEvents = YES;
				INFOPLIST_KEY_UILaunchStoryboardName = LaunchScreen;
				INFOPLIST_KEY_UIMainStoryboardFile = Main;
				INFOPLIST_KEY_UISupportedInterfaceOrientations = UIInterfaceOrientationPortrait;
				LD_RUNPATH_SEARCH_PATHS = (
					"$(inherited)",
					"@executable_path/Frameworks",
				);
				MARKETING_VERSION = 1.0;
				PRODUCT_BUNDLE_IDENTIFIER = com.adithyahnair.HostelAllocation;
				PRODUCT_NAME = "$(TARGET_NAME)";
				SWIFT_EMIT_LOC_STRINGS = YES;
				SWIFT_VERSION = 5.0;
				TARGETED_DEVICE_FAMILY = "1,2";
			};
			name = Debug;
		};
		14BD05882939CF4600EEAE85 /* Release */ = {
			isa = XCBuildConfiguration;
			buildSettings = {
				ASSETCATALOG_COMPILER_APPICON_NAME = AppIcon;
				ASSETCATALOG_COMPILER_GLOBAL_ACCENT_COLOR_NAME = AccentColor;
				CODE_SIGN_STYLE = Automatic;
				CURRENT_PROJECT_VERSION = 1;
				DEVELOPMENT_TEAM = 873GG57D8S;
				GENERATE_INFOPLIST_FILE = YES;
				INFOPLIST_FILE = HostelAllocation/Info.plist;
				INFOPLIST_KEY_UIApplicationSupportsIndirectInputEvents = YES;
				INFOPLIST_KEY_UILaunchStoryboardName = LaunchScreen;
				INFOPLIST_KEY_UIMainStoryboardFile = Main;
				INFOPLIST_KEY_UISupportedInterfaceOrientations = UIInterfaceOrientationPortrait;
				LD_RUNPATH_SEARCH_PATHS = (
					"$(inherited)",
					"@executable_path/Frameworks",
				);
				MARKETING_VERSION = 1.0;
				PRODUCT_BUNDLE_IDENTIFIER = com.adithyahnair.HostelAllocation;
				PRODUCT_NAME = "$(TARGET_NAME)";
				SWIFT_EMIT_LOC_STRINGS = YES;
				SWIFT_VERSION = 5.0;
				TARGETED_DEVICE_FAMILY = "1,2";
			};
			name = Release;
		};
/* End XCBuildConfiguration section */

/* Begin XCConfigurationList section */
		14BD056D2939CF4400EEAE85 /* Build configuration list for PBXProject "HostelAllocation" */ = {
			isa = XCConfigurationList;
			buildConfigurations = (
				14BD05842939CF4600EEAE85 /* Debug */,
				14BD05852939CF4600EEAE85 /* Release */,
			);
			defaultConfigurationIsVisible = 0;
			defaultConfigurationName = Release;
		};
		14BD05862939CF4600EEAE85 /* Build configuration list for PBXNativeTarget "HostelAllocation" */ = {
			isa = XCConfigurationList;
			buildConfigurations = (
				14BD05872939CF4600EEAE85 /* Debug */,
				14BD05882939CF4600EEAE85 /* Release */,
			);
			defaultConfigurationIsVisible = 0;
			defaultConfigurationName = Release;
		};
/* End XCConfigurationList section */
	};
	rootObject = 14BD056A2939CF4400EEAE85 /* Project object */;
}
